
Microsoft Visual Studio Solution File, Format Version 12.00
# TcXaeShell Solution File, Format Version 11.00
VisualStudioVersion = 17.10.35827.194
MinimumVisualStudioVersion = 10.0.40219.1
Project("{B1E792BE-AA5F-4E3C-8C82-674BF9C0715B}") = "GreenCrane_Simple", "GreenCrane_Simple\GreenCrane_Simple.tsproj", "{480932AA-94F3-4CE3-B7DB-FA5F65D9D653}"
EndProject
Project("{FD9F1D59-E000-42F3-8744-88DE1BE93C06}") = "GreenCrane_xScope", "GreenCrane_xScope\GreenCrane_xScope.tcmproj", "{0E27B574-E012-4AAA-82ED-9B761D65D3CA}"
EndProject
Global
	GlobalSection(SolutionConfigurationPlatforms) = preSolution
		Debug|TwinCAT CE7 (ARMV7) = Debug|TwinCAT CE7 (ARMV7)
		Debug|TwinCAT OS (ARMT2) = Debug|TwinCAT OS (ARMT2)
		Debug|TwinCAT OS (ARMV7-A) = Debug|TwinCAT OS (ARMV7-A)
		Debug|TwinCAT OS (ARMV7-M) = Debug|TwinCAT OS (ARMV7-M)
		Debug|TwinCAT OS (ARMV8-A) = Debug|TwinCAT OS (ARMV8-A)
		Debug|TwinCAT OS (x64) = Debug|TwinCAT OS (x64)
		Debug|TwinCAT OS (x64-E) = Debug|TwinCAT OS (x64-E)
		Debug|TwinCAT RT (x64) = Debug|TwinCAT RT (x64)
		Debug|TwinCAT RT (x86) = Debug|TwinCAT RT (x86)
		Release|TwinCAT CE7 (ARMV7) = Release|TwinCAT CE7 (ARMV7)
		Release|TwinCAT OS (ARMT2) = Release|TwinCAT OS (ARMT2)
		Release|TwinCAT OS (ARMV7-A) = Release|TwinCAT OS (ARMV7-A)
		Release|TwinCAT OS (ARMV7-M) = Release|TwinCAT OS (ARMV7-M)
		Release|TwinCAT OS (ARMV8-A) = Release|TwinCAT OS (ARMV8-A)
		Release|TwinCAT OS (x64) = Release|TwinCAT OS (x64)
		Release|TwinCAT OS (x64-E) = Release|TwinCAT OS (x64-E)
		Release|TwinCAT RT (x64) = Release|TwinCAT RT (x64)
		Release|TwinCAT RT (x86) = Release|TwinCAT RT (x86)
	EndGlobalSection
	GlobalSection(ProjectConfigurationPlatforms) = postSolution
		{480932AA-94F3-4CE3-B7DB-FA5F65D9D653}.Debug|TwinCAT CE7 (ARMV7).ActiveCfg = Debug|TwinCAT OS (ARMV7-A)
		{480932AA-94F3-4CE3-B7DB-FA5F65D9D653}.Debug|TwinCAT CE7 (ARMV7).Build.0 = Debug|TwinCAT OS (ARMV7-A)
		{480932AA-94F3-4CE3-B7DB-FA5F65D9D653}.Debug|TwinCAT OS (ARMT2).ActiveCfg = Debug|TwinCAT OS (x64-E)
		{480932AA-94F3-4CE3-B7DB-FA5F65D9D653}.Debug|TwinCAT OS (ARMT2).Build.0 = Debug|TwinCAT OS (x64-E)
		{480932AA-94F3-4CE3-B7DB-FA5F65D9D653}.Debug|TwinCAT OS (ARMV7-A).ActiveCfg = Debug|TwinCAT OS (ARMV7-A)
		{480932AA-94F3-4CE3-B7DB-FA5F65D9D653}.Debug|TwinCAT OS (ARMV7-A).Build.0 = Debug|TwinCAT OS (ARMV7-A)
		{480932AA-94F3-4CE3-B7DB-FA5F65D9D653}.Debug|TwinCAT OS (ARMV7-M).ActiveCfg = Debug|TwinCAT OS (ARMV7-M)
		{480932AA-94F3-4CE3-B7DB-FA5F65D9D653}.Debug|TwinCAT OS (ARMV7-M).Build.0 = Debug|TwinCAT OS (ARMV7-M)
		{480932AA-94F3-4CE3-B7DB-FA5F65D9D653}.Debug|TwinCAT OS (ARMV8-A).ActiveCfg = Debug|TwinCAT OS (ARMV8-A)
		{480932AA-94F3-4CE3-B7DB-FA5F65D9D653}.Debug|TwinCAT OS (ARMV8-A).Build.0 = Debug|TwinCAT OS (ARMV8-A)
		{480932AA-94F3-4CE3-B7DB-FA5F65D9D653}.Debug|TwinCAT OS (x64).ActiveCfg = Debug|TwinCAT OS (x64)
		{480932AA-94F3-4CE3-B7DB-FA5F65D9D653}.Debug|TwinCAT OS (x64).Build.0 = Debug|TwinCAT OS (x64)
		{480932AA-94F3-4CE3-B7DB-FA5F65D9D653}.Debug|TwinCAT OS (x64-E).ActiveCfg = Debug|TwinCAT OS (x64-E)
		{480932AA-94F3-4CE3-B7DB-FA5F65D9D653}.Debug|TwinCAT OS (x64-E).Build.0 = Debug|TwinCAT OS (x64-E)
		{480932AA-94F3-4CE3-B7DB-FA5F65D9D653}.Debug|TwinCAT RT (x64).ActiveCfg = Debug|TwinCAT RT (x64)
		{480932AA-94F3-4CE3-B7DB-FA5F65D9D653}.Debug|TwinCAT RT (x64).Build.0 = Debug|TwinCAT RT (x64)
		{480932AA-94F3-4CE3-B7DB-FA5F65D9D653}.Debug|TwinCAT RT (x86).ActiveCfg = Debug|TwinCAT RT (x86)
		{480932AA-94F3-4CE3-B7DB-FA5F65D9D653}.Debug|TwinCAT RT (x86).Build.0 = Debug|TwinCAT RT (x86)
		{480932AA-94F3-4CE3-B7DB-FA5F65D9D653}.Release|TwinCAT CE7 (ARMV7).ActiveCfg = Release|TwinCAT OS (ARMV7-A)
		{480932AA-94F3-4CE3-B7DB-FA5F65D9D653}.Release|TwinCAT CE7 (ARMV7).Build.0 = Release|TwinCAT OS (ARMV7-A)
		{480932AA-94F3-4CE3-B7DB-FA5F65D9D653}.Release|TwinCAT OS (ARMT2).ActiveCfg = Release|TwinCAT OS (x64-E)
		{480932AA-94F3-4CE3-B7DB-FA5F65D9D653}.Release|TwinCAT OS (ARMT2).Build.0 = Release|TwinCAT OS (x64-E)
		{480932AA-94F3-4CE3-B7DB-FA5F65D9D653}.Release|TwinCAT OS (ARMV7-A).ActiveCfg = Release|TwinCAT OS (ARMV7-A)
		{480932AA-94F3-4CE3-B7DB-FA5F65D9D653}.Release|TwinCAT OS (ARMV7-A).Build.0 = Release|TwinCAT OS (ARMV7-A)
		{480932AA-94F3-4CE3-B7DB-FA5F65D9D653}.Release|TwinCAT OS (ARMV7-M).ActiveCfg = Release|TwinCAT OS (ARMV7-M)
		{480932AA-94F3-4CE3-B7DB-FA5F65D9D653}.Release|TwinCAT OS (ARMV7-M).Build.0 = Release|TwinCAT OS (ARMV7-M)
		{480932AA-94F3-4CE3-B7DB-FA5F65D9D653}.Release|TwinCAT OS (ARMV8-A).ActiveCfg = Release|TwinCAT OS (ARMV8-A)
		{480932AA-94F3-4CE3-B7DB-FA5F65D9D653}.Release|TwinCAT OS (ARMV8-A).Build.0 = Release|TwinCAT OS (ARMV8-A)
		{480932AA-94F3-4CE3-B7DB-FA5F65D9D653}.Release|TwinCAT OS (x64).ActiveCfg = Release|TwinCAT OS (x64)
		{480932AA-94F3-4CE3-B7DB-FA5F65D9D653}.Release|TwinCAT OS (x64).Build.0 = Release|TwinCAT OS (x64)
		{480932AA-94F3-4CE3-B7DB-FA5F65D9D653}.Release|TwinCAT OS (x64-E).ActiveCfg = Release|TwinCAT OS (x64-E)
		{480932AA-94F3-4CE3-B7DB-FA5F65D9D653}.Release|TwinCAT OS (x64-E).Build.0 = Release|TwinCAT OS (x64-E)
		{480932AA-94F3-4CE3-B7DB-FA5F65D9D653}.Release|TwinCAT RT (x64).ActiveCfg = Release|TwinCAT RT (x64)
		{480932AA-94F3-4CE3-B7DB-FA5F65D9D653}.Release|TwinCAT RT (x64).Build.0 = Release|TwinCAT RT (x64)
		{480932AA-94F3-4CE3-B7DB-FA5F65D9D653}.Release|TwinCAT RT (x86).ActiveCfg = Release|TwinCAT RT (x86)
		{480932AA-94F3-4CE3-B7DB-FA5F65D9D653}.Release|TwinCAT RT (x86).Build.0 = Release|TwinCAT RT (x86)
		{3191B76C-17BA-43EF-A670-C6135431D43E}.Debug|TwinCAT CE7 (ARMV7).ActiveCfg = Debug|TwinCAT OS (ARMV7-A)
		{3191B76C-17BA-43EF-A670-C6135431D43E}.Debug|TwinCAT CE7 (ARMV7).Build.0 = Debug|TwinCAT OS (ARMV7-A)
		{3191B76C-17BA-43EF-A670-C6135431D43E}.Debug|TwinCAT OS (ARMT2).ActiveCfg = Debug|TwinCAT OS (x64-E)
		{3191B76C-17BA-43EF-A670-C6135431D43E}.Debug|TwinCAT OS (ARMT2).Build.0 = Debug|TwinCAT OS (x64-E)
		{3191B76C-17BA-43EF-A670-C6135431D43E}.Debug|TwinCAT OS (ARMV7-A).ActiveCfg = Debug|TwinCAT OS (ARMV7-A)
		{3191B76C-17BA-43EF-A670-C6135431D43E}.Debug|TwinCAT OS (ARMV7-A).Build.0 = Debug|TwinCAT OS (ARMV7-A)
		{3191B76C-17BA-43EF-A670-C6135431D43E}.Debug|TwinCAT OS (ARMV7-M).ActiveCfg = Debug|TwinCAT OS (ARMV7-M)
		{3191B76C-17BA-43EF-A670-C6135431D43E}.Debug|TwinCAT OS (ARMV7-M).Build.0 = Debug|TwinCAT OS (ARMV7-M)
		{3191B76C-17BA-43EF-A670-C6135431D43E}.Debug|TwinCAT OS (ARMV8-A).ActiveCfg = Debug|TwinCAT OS (ARMV8-A)
		{3191B76C-17BA-43EF-A670-C6135431D43E}.Debug|TwinCAT OS (ARMV8-A).Build.0 = Debug|TwinCAT OS (ARMV8-A)
		{3191B76C-17BA-43EF-A670-C6135431D43E}.Debug|TwinCAT OS (x64).ActiveCfg = Debug|TwinCAT OS (x64)
		{3191B76C-17BA-43EF-A670-C6135431D43E}.Debug|TwinCAT OS (x64).Build.0 = Debug|TwinCAT OS (x64)
		{3191B76C-17BA-43EF-A670-C6135431D43E}.Debug|TwinCAT OS (x64-E).ActiveCfg = Debug|TwinCAT OS (x64-E)
		{3191B76C-17BA-43EF-A670-C6135431D43E}.Debug|TwinCAT OS (x64-E).Build.0 = Debug|TwinCAT OS (x64-E)
		{3191B76C-17BA-43EF-A670-C6135431D43E}.Debug|TwinCAT RT (x64).ActiveCfg = Debug|TwinCAT RT (x64)
		{3191B76C-17BA-43EF-A670-C6135431D43E}.Debug|TwinCAT RT (x64).Build.0 = Debug|TwinCAT RT (x64)
		{3191B76C-17BA-43EF-A670-C6135431D43E}.Debug|TwinCAT RT (x86).ActiveCfg = Debug|TwinCAT RT (x86)
		{3191B76C-17BA-43EF-A670-C6135431D43E}.Debug|TwinCAT RT (x86).Build.0 = Debug|TwinCAT RT (x86)
		{3191B76C-17BA-43EF-A670-C6135431D43E}.Release|TwinCAT CE7 (ARMV7).ActiveCfg = Release|TwinCAT OS (ARMV7-A)
		{3191B76C-17BA-43EF-A670-C6135431D43E}.Release|TwinCAT CE7 (ARMV7).Build.0 = Release|TwinCAT OS (ARMV7-A)
		{3191B76C-17BA-43EF-A670-C6135431D43E}.Release|TwinCAT OS (ARMT2).ActiveCfg = Release|TwinCAT OS (x64-E)
		{3191B76C-17BA-43EF-A670-C6135431D43E}.Release|TwinCAT OS (ARMT2).Build.0 = Release|TwinCAT OS (x64-E)
		{3191B76C-17BA-43EF-A670-C6135431D43E}.Release|TwinCAT OS (ARMV7-A).ActiveCfg = Release|TwinCAT OS (ARMV7-A)
		{3191B76C-17BA-43EF-A670-C6135431D43E}.Release|TwinCAT OS (ARMV7-A).Build.0 = Release|TwinCAT OS (ARMV7-A)
		{3191B76C-17BA-43EF-A670-C6135431D43E}.Release|TwinCAT OS (ARMV7-M).ActiveCfg = Release|TwinCAT OS (ARMV7-M)
		{3191B76C-17BA-43EF-A670-C6135431D43E}.Release|TwinCAT OS (ARMV7-M).Build.0 = Release|TwinCAT OS (ARMV7-M)
		{3191B76C-17BA-43EF-A670-C6135431D43E}.Release|TwinCAT OS (ARMV8-A).ActiveCfg = Release|TwinCAT OS (ARMV8-A)
		{3191B76C-17BA-43EF-A670-C6135431D43E}.Release|TwinCAT OS (ARMV8-A).Build.0 = Release|TwinCAT OS (ARMV8-A)
		{3191B76C-17BA-43EF-A670-C6135431D43E}.Release|TwinCAT OS (x64).ActiveCfg = Release|TwinCAT OS (x64)
		{3191B76C-17BA-43EF-A670-C6135431D43E}.Release|TwinCAT OS (x64).Build.0 = Release|TwinCAT OS (x64)
		{3191B76C-17BA-43EF-A670-C6135431D43E}.Release|TwinCAT OS (x64-E).ActiveCfg = Release|TwinCAT OS (x64-E)
		{3191B76C-17BA-43EF-A670-C6135431D43E}.Release|TwinCAT OS (x64-E).Build.0 = Release|TwinCAT OS (x64-E)
		{3191B76C-17BA-43EF-A670-C6135431D43E}.Release|TwinCAT RT (x64).ActiveCfg = Release|TwinCAT RT (x64)
		{3191B76C-17BA-43EF-A670-C6135431D43E}.Release|TwinCAT RT (x64).Build.0 = Release|TwinCAT RT (x64)
		{3191B76C-17BA-43EF-A670-C6135431D43E}.Release|TwinCAT RT (x86).ActiveCfg = Release|TwinCAT RT (x86)
		{3191B76C-17BA-43EF-A670-C6135431D43E}.Release|TwinCAT RT (x86).Build.0 = Release|TwinCAT RT (x86)
		{0E27B574-E012-4AAA-82ED-9B761D65D3CA}.Debug|TwinCAT CE7 (ARMV7).ActiveCfg = Debug|TwinCAT CE7 (ARMV7)
		{0E27B574-E012-4AAA-82ED-9B761D65D3CA}.Debug|TwinCAT OS (ARMT2).ActiveCfg = Debug|TwinCAT OS (ARMT2)
		{0E27B574-E012-4AAA-82ED-9B761D65D3CA}.Debug|TwinCAT OS (ARMV7-A).ActiveCfg = Debug|TwinCAT CE7 (ARMV7)
		{0E27B574-E012-4AAA-82ED-9B761D65D3CA}.Debug|TwinCAT OS (ARMV7-M).ActiveCfg = Debug|TwinCAT CE7 (ARMV7)
		{0E27B574-E012-4AAA-82ED-9B761D65D3CA}.Debug|TwinCAT OS (ARMV8-A).ActiveCfg = Debug|TwinCAT CE7 (ARMV7)
		{0E27B574-E012-4AAA-82ED-9B761D65D3CA}.Debug|TwinCAT OS (x64).ActiveCfg = Debug|TwinCAT OS (x64)
		{0E27B574-E012-4AAA-82ED-9B761D65D3CA}.Debug|TwinCAT OS (x64-E).ActiveCfg = Debug|TwinCAT CE7 (ARMV7)
		{0E27B574-E012-4AAA-82ED-9B761D65D3CA}.Debug|TwinCAT RT (x64).ActiveCfg = Debug|TwinCAT RT (x64)
		{0E27B574-E012-4AAA-82ED-9B761D65D3CA}.Debug|TwinCAT RT (x86).ActiveCfg = Debug|TwinCAT RT (x86)
		{0E27B574-E012-4AAA-82ED-9B761D65D3CA}.Release|TwinCAT CE7 (ARMV7).ActiveCfg = Release|TwinCAT CE7 (ARMV7)
		{0E27B574-E012-4AAA-82ED-9B761D65D3CA}.Release|TwinCAT OS (ARMT2).ActiveCfg = Release|TwinCAT OS (ARMT2)
		{0E27B574-E012-4AAA-82ED-9B761D65D3CA}.Release|TwinCAT OS (ARMV7-A).ActiveCfg = Release|TwinCAT CE7 (ARMV7)
		{0E27B574-E012-4AAA-82ED-9B761D65D3CA}.Release|TwinCAT OS (ARMV7-M).ActiveCfg = Release|TwinCAT CE7 (ARMV7)
		{0E27B574-E012-4AAA-82ED-9B761D65D3CA}.Release|TwinCAT OS (ARMV8-A).ActiveCfg = Release|TwinCAT CE7 (ARMV7)
		{0E27B574-E012-4AAA-82ED-9B761D65D3CA}.Release|TwinCAT OS (x64).ActiveCfg = Release|TwinCAT OS (x64)
		{0E27B574-E012-4AAA-82ED-9B761D65D3CA}.Release|TwinCAT OS (x64-E).ActiveCfg = Release|TwinCAT CE7 (ARMV7)
		{0E27B574-E012-4AAA-82ED-9B761D65D3CA}.Release|TwinCAT RT (x64).ActiveCfg = Release|TwinCAT RT (x64)
		{0E27B574-E012-4AAA-82ED-9B761D65D3CA}.Release|TwinCAT RT (x86).ActiveCfg = Release|TwinCAT RT (x86)
	EndGlobalSection
	GlobalSection(SolutionProperties) = preSolution
		HideSolutionNode = FALSE
	EndGlobalSection
	GlobalSection(ExtensibilityGlobals) = postSolution
		SolutionGuid = {B5CBE898-FB0F-4E7F-A394-0E6033499585}
	EndGlobalSection
EndGlobal
